# THIS IS AN AUTOGENERATED FILE. DO NOT EDIT THIS FILE DIRECTLY.
# yarn lockfile v1


"@nodelib/fs.scandir@2.1.3":
  version "2.1.3"
  resolved "https://registry.yarnpkg.com/@nodelib/fs.scandir/-/fs.scandir-2.1.3.tgz#3a582bdb53804c6ba6d146579c46e52130cf4a3b"
  dependencies:
    "@nodelib/fs.stat" "2.0.3"
    run-parallel "^1.1.9"

"@nodelib/fs.stat@2.0.3", "@nodelib/fs.stat@^2.0.2":
  version "2.0.3"
  resolved "https://registry.yarnpkg.com/@nodelib/fs.stat/-/fs.stat-2.0.3.tgz#34dc5f4cabbc720f4e60f75a747e7ecd6c175bd3"

"@nodelib/fs.walk@^1.2.3":
  version "1.2.4"
  resolved "https://registry.yarnpkg.com/@nodelib/fs.walk/-/fs.walk-1.2.4.tgz#011b9202a70a6366e436ca5c065844528ab04976"
  dependencies:
    "@nodelib/fs.scandir" "2.1.3"
    fastq "^1.6.0"

"@rollup/pluginutils@^3.0.8":
  version "3.0.10"
  resolved "https://registry.yarnpkg.com/@rollup/pluginutils/-/pluginutils-3.0.10.tgz#a659b9025920378494cd8f8c59fbf9b3a50d5f12"
  dependencies:
    "@types/estree" "0.0.39"
    estree-walker "^1.0.1"
    picomatch "^2.2.2"

"@types/estree@0.0.39":
  version "0.0.39"
  resolved "https://registry.yarnpkg.com/@types/estree/-/estree-0.0.39.tgz#e177e699ee1b8c22d23174caaa7422644389509f"

"@types/node@*":
  version "14.0.1"
  resolved "https://registry.yarnpkg.com/@types/node/-/node-14.0.1.tgz#5d93e0a099cd0acd5ef3d5bde3c086e1f49ff68c"

"@zorax/plug@^0.0.1":
  version "0.0.1"
  resolved "https://registry.yarnpkg.com/@zorax/plug/-/plug-0.0.1.tgz#eca166b4ec1c5d0fa929b02e7e736e29c9e03961"
  dependencies:
    zora "^3.1.8"

accepts@~1.3.7:
  version "1.3.7"
  resolved "https://registry.yarnpkg.com/accepts/-/accepts-1.3.7.tgz#531bc726517a3b2b41f850021c6cc15eaab507cd"
  dependencies:
    mime-types "~2.1.24"
    negotiator "0.6.2"

acorn@^7.0.0:
  version "7.2.0"
  resolved "https://registry.yarnpkg.com/acorn/-/acorn-7.2.0.tgz#17ea7e40d7c8640ff54a694c889c26f31704effe"

ansi-regex@^2.0.0:
  version "2.1.1"
  resolved "https://registry.yarnpkg.com/ansi-regex/-/ansi-regex-2.1.1.tgz#c3b33ab5ee360d86e0e628f0468ae7ef27d654df"

anymatch@~3.1.1:
  version "3.1.1"
  resolved "https://registry.yarnpkg.com/anymatch/-/anymatch-3.1.1.tgz#c55ecf02185e2469259399310c173ce31233b142"
  dependencies:
    normalize-path "^3.0.0"
    picomatch "^2.0.4"

arg@^4.1.2:
  version "4.1.3"
  resolved "https://registry.yarnpkg.com/arg/-/arg-4.1.3.tgz#269fc7ad5b8e42cb63c896d5666017261c144089"

array-flatten@1.1.1:
  version "1.1.1"
  resolved "https://registry.yarnpkg.com/array-flatten/-/array-flatten-1.1.1.tgz#9a5f699051b1e7073328f2a008968b64ea2955d2"

async-limiter@~1.0.0:
  version "1.0.1"
  resolved "https://registry.yarnpkg.com/async-limiter/-/async-limiter-1.0.1.tgz#dd379e94f0db8310b08291f9d64c3209766617fd"

balanced-match@^1.0.0:
  version "1.0.0"
  resolved "https://registry.yarnpkg.com/balanced-match/-/balanced-match-1.0.0.tgz#89b4d199ab2bee49de164ea02b89ce462d71b767"

binary-extensions@^2.0.0:
  version "2.0.0"
  resolved "https://registry.yarnpkg.com/binary-extensions/-/binary-extensions-2.0.0.tgz#23c0df14f6a88077f5f986c0d167ec03c3d5537c"

body-parser@1.19.0:
  version "1.19.0"
  resolved "https://registry.yarnpkg.com/body-parser/-/body-parser-1.19.0.tgz#96b2709e57c9c4e09a6fd66a8fd979844f69f08a"
  dependencies:
    bytes "3.1.0"
    content-type "~1.0.4"
    debug "2.6.9"
    depd "~1.1.2"
    http-errors "1.7.2"
    iconv-lite "0.4.24"
    on-finished "~2.3.0"
    qs "6.7.0"
    raw-body "2.4.0"
    type-is "~1.6.17"

boolbase@~1.0.0:
  version "1.0.0"
  resolved "https://registry.yarnpkg.com/boolbase/-/boolbase-1.0.0.tgz#68dff5fbe60c51eb37725ea9e3ed310dcc1e776e"

brace-expansion@^1.1.7:
  version "1.1.11"
  resolved "https://registry.yarnpkg.com/brace-expansion/-/brace-expansion-1.1.11.tgz#3c7fcbf529d87226f3d2f52b966ff5271eb441dd"
  dependencies:
    balanced-match "^1.0.0"
    concat-map "0.0.1"

braces@^3.0.1, braces@~3.0.2:
  version "3.0.2"
  resolved "https://registry.yarnpkg.com/braces/-/braces-3.0.2.tgz#3454e1a462ee8d599e236df336cd9ea4f8afe107"
  dependencies:
    fill-range "^7.0.1"

buffer-from@^1.0.0:
  version "1.1.1"
  resolved "https://registry.yarnpkg.com/buffer-from/-/buffer-from-1.1.1.tgz#32713bc028f75c02fdb710d7c7bcec1f2c6070ef"

bytes@3.1.0:
  version "3.1.0"
  resolved "https://registry.yarnpkg.com/bytes/-/bytes-3.1.0.tgz#f6cf7933a360e0588fa9fde85651cdc7f805d1f6"

cheap-watch@^1.0.2:
  version "1.0.2"
  resolved "https://registry.yarnpkg.com/cheap-watch/-/cheap-watch-1.0.2.tgz#bfa648aea6bcd15e9fe4dce4ac760ab81cd0133c"

cheerio@^1.0.0-rc.2:
  version "1.0.0-rc.3"
  resolved "https://registry.yarnpkg.com/cheerio/-/cheerio-1.0.0-rc.3.tgz#094636d425b2e9c0f4eb91a46c05630c9a1a8bf6"
  dependencies:
    css-select "~1.2.0"
    dom-serializer "~0.1.1"
    entities "~1.1.1"
    htmlparser2 "^3.9.1"
    lodash "^4.15.0"
    parse5 "^3.0.1"

chokidar@^3.0.0:
  version "3.4.0"
  resolved "https://registry.yarnpkg.com/chokidar/-/chokidar-3.4.0.tgz#b30611423ce376357c765b9b8f904b9fba3c0be8"
  dependencies:
    anymatch "~3.1.1"
    braces "~3.0.2"
    glob-parent "~5.1.0"
    is-binary-path "~2.1.0"
    is-glob "~4.0.1"
    normalize-path "~3.0.0"
    readdirp "~3.4.0"
  optionalDependencies:
    fsevents "~2.1.2"

color-support@^1.1.0:
  version "1.1.3"
  resolved "https://registry.yarnpkg.com/color-support/-/color-support-1.1.3.tgz#93834379a1cc9a0c61f82f52f0d04322251bd5a2"

commander@^2.9.0:
  version "2.20.3"
  resolved "https://registry.yarnpkg.com/commander/-/commander-2.20.3.tgz#fd485e84c03eb4881c20722ba48035e8531aeb33"

commander@^4.1.0:
  version "4.1.1"
  resolved "https://registry.yarnpkg.com/commander/-/commander-4.1.1.tgz#9fd602bd936294e9e9ef46a3f4d6964044b18068"

concat-map@0.0.1:
  version "0.0.1"
  resolved "https://registry.yarnpkg.com/concat-map/-/concat-map-0.0.1.tgz#d8a96bd77fd68df7793a73036a3ba0d5405d477b"

content-disposition@0.5.3:
  version "0.5.3"
  resolved "https://registry.yarnpkg.com/content-disposition/-/content-disposition-0.5.3.tgz#e130caf7e7279087c5616c2007d0485698984fbd"
  dependencies:
    safe-buffer "5.1.2"

content-type@~1.0.4:
  version "1.0.4"
  resolved "https://registry.yarnpkg.com/content-type/-/content-type-1.0.4.tgz#e138cc75e040c727b1966fe5e5f8c9aee256fe3b"

convert-source-map@^1.5.1:
  version "1.7.0"
  resolved "https://registry.yarnpkg.com/convert-source-map/-/convert-source-map-1.7.0.tgz#17a2cb882d7f77d3490585e2ce6c524424a3a442"
  dependencies:
    safe-buffer "~5.1.1"

cookie-signature@1.0.6:
  version "1.0.6"
  resolved "https://registry.yarnpkg.com/cookie-signature/-/cookie-signature-1.0.6.tgz#e303a882b342cc3ee8ca513a79999734dab3ae2c"

cookie@0.4.0:
  version "0.4.0"
  resolved "https://registry.yarnpkg.com/cookie/-/cookie-0.4.0.tgz#beb437e7022b3b6d49019d088665303ebe9c14ba"

css-select@~1.2.0:
  version "1.2.0"
  resolved "https://registry.yarnpkg.com/css-select/-/css-select-1.2.0.tgz#2b3a110539c5355f1cd8d314623e870b121ec858"
  dependencies:
    boolbase "~1.0.0"
    css-what "2.1"
    domutils "1.5.1"
    nth-check "~1.0.1"

css-what@2.1:
  version "2.1.3"
  resolved "https://registry.yarnpkg.com/css-what/-/css-what-2.1.3.tgz#a6d7604573365fe74686c3f311c56513d88285f2"

debug@2.6.9:
  version "2.6.9"
  resolved "https://registry.yarnpkg.com/debug/-/debug-2.6.9.tgz#5d128515df134ff327e90a4c93f4e077a536341f"
  dependencies:
    ms "2.0.0"

debug@^3.0.1:
  version "3.2.6"
  resolved "https://registry.yarnpkg.com/debug/-/debug-3.2.6.tgz#e83d17de16d8a7efb7717edbe5fb10135eee629b"
  dependencies:
    ms "^2.1.1"

debug@^4.1.1:
  version "4.1.1"
  resolved "https://registry.yarnpkg.com/debug/-/debug-4.1.1.tgz#3b72260255109c6b589cee050f1d516139664791"
  dependencies:
    ms "^2.1.1"

depd@~1.1.2:
  version "1.1.2"
  resolved "https://registry.yarnpkg.com/depd/-/depd-1.1.2.tgz#9bcd52e14c097763e749b274c4346ed2e560b5a9"

destroy@~1.0.4:
  version "1.0.4"
  resolved "https://registry.yarnpkg.com/destroy/-/destroy-1.0.4.tgz#978857442c44749e4206613e37946205826abd80"

diff@^4.0.1:
  version "4.0.2"
  resolved "https://registry.yarnpkg.com/diff/-/diff-4.0.2.tgz#60f3aecb89d5fae520c11aa19efc2bb982aade7d"

dom-serializer@0:
  version "0.2.2"
  resolved "https://registry.yarnpkg.com/dom-serializer/-/dom-serializer-0.2.2.tgz#1afb81f533717175d478655debc5e332d9f9bb51"
  dependencies:
    domelementtype "^2.0.1"
    entities "^2.0.0"

dom-serializer@~0.1.1:
  version "0.1.1"
  resolved "https://registry.yarnpkg.com/dom-serializer/-/dom-serializer-0.1.1.tgz#1ec4059e284babed36eec2941d4a970a189ce7c0"
  dependencies:
    domelementtype "^1.3.0"
    entities "^1.1.1"

domelementtype@1, domelementtype@^1.3.0, domelementtype@^1.3.1:
  version "1.3.1"
  resolved "https://registry.yarnpkg.com/domelementtype/-/domelementtype-1.3.1.tgz#d048c44b37b0d10a7f2a3d5fee3f4333d790481f"

domelementtype@^2.0.1:
  version "2.0.1"
  resolved "https://registry.yarnpkg.com/domelementtype/-/domelementtype-2.0.1.tgz#1f8bdfe91f5a78063274e803b4bdcedf6e94f94d"

domhandler@^2.3.0:
  version "2.4.2"
  resolved "https://registry.yarnpkg.com/domhandler/-/domhandler-2.4.2.tgz#8805097e933d65e85546f726d60f5eb88b44f803"
  dependencies:
    domelementtype "1"

domutils@1.5.1:
  version "1.5.1"
  resolved "https://registry.yarnpkg.com/domutils/-/domutils-1.5.1.tgz#dcd8488a26f563d61079e48c9f7b7e32373682cf"
  dependencies:
    dom-serializer "0"
    domelementtype "1"

domutils@^1.5.1:
  version "1.7.0"
  resolved "https://registry.yarnpkg.com/domutils/-/domutils-1.7.0.tgz#56ea341e834e06e6748af7a1cb25da67ea9f8c2a"
  dependencies:
    dom-serializer "0"
    domelementtype "1"

ee-first@1.1.1:
  version "1.1.1"
  resolved "https://registry.yarnpkg.com/ee-first/-/ee-first-1.1.1.tgz#590c61156b0ae2f4f0255732a158b266bc56b21d"

encodeurl@~1.0.2:
  version "1.0.2"
  resolved "https://registry.yarnpkg.com/encodeurl/-/encodeurl-1.0.2.tgz#ad3ff4c86ec2d029322f5a02c3a9a606c95b3f59"

entities@^1.1.1, entities@~1.1.1:
  version "1.1.2"
  resolved "https://registry.yarnpkg.com/entities/-/entities-1.1.2.tgz#bdfa735299664dfafd34529ed4f8522a275fea56"

entities@^2.0.0:
  version "2.0.2"
  resolved "https://registry.yarnpkg.com/entities/-/entities-2.0.2.tgz#ac74db0bba8d33808bbf36809c3a5c3683531436"

es6-promise@^4.1.1:
  version "4.2.8"
  resolved "https://registry.yarnpkg.com/es6-promise/-/es6-promise-4.2.8.tgz#4eb21594c972bc40553d276e510539143db53e0a"

escape-html@~1.0.3:
  version "1.0.3"
  resolved "https://registry.yarnpkg.com/escape-html/-/escape-html-1.0.3.tgz#0258eae4d3d0c0974de1c169188ef0051d1d1988"

escape-string-regexp@^2.0.0:
  version "2.0.0"
  resolved "https://registry.yarnpkg.com/escape-string-regexp/-/escape-string-regexp-2.0.0.tgz#a30304e99daa32e23b2fd20f51babd07cffca344"

esm@^3.2.25:
  version "3.2.25"
  resolved "https://registry.yarnpkg.com/esm/-/esm-3.2.25.tgz#342c18c29d56157688ba5ce31f8431fbb795cc10"

estree-walker@^1.0.1:
  version "1.0.1"
  resolved "https://registry.yarnpkg.com/estree-walker/-/estree-walker-1.0.1.tgz#31bc5d612c96b704106b477e6dd5d8aa138cb700"

etag@~1.8.1:
  version "1.8.1"
  resolved "https://registry.yarnpkg.com/etag/-/etag-1.8.1.tgz#41ae2eeb65efa62268aebfea83ac7d79299b0887"

events-to-array@^1.0.1:
  version "1.1.2"
  resolved "https://registry.yarnpkg.com/events-to-array/-/events-to-array-1.1.2.tgz#2d41f563e1fe400ed4962fe1a4d5c6a7539df7f6"

express-history-api-fallback@^2.2.1:
  version "2.2.1"
  resolved "https://registry.yarnpkg.com/express-history-api-fallback/-/express-history-api-fallback-2.2.1.tgz#3a2ad27f7bebc90fc533d110d7c6d83097bcd057"

express-http-proxy@^1.5.1:
  version "1.6.0"
  resolved "https://registry.yarnpkg.com/express-http-proxy/-/express-http-proxy-1.6.0.tgz#8672b1093cc96b8a93e8e3da948dd111a668ef22"
  dependencies:
    debug "^3.0.1"
    es6-promise "^4.1.1"
    raw-body "^2.3.0"

express-ws@^4.0.0:
  version "4.0.0"
  resolved "https://registry.yarnpkg.com/express-ws/-/express-ws-4.0.0.tgz#dabd8dc974516418902a41fe6e30ed949b4d36c4"
  dependencies:
    ws "^5.2.0"

express@^4.16.3:
  version "4.17.1"
  resolved "https://registry.yarnpkg.com/express/-/express-4.17.1.tgz#4491fc38605cf51f8629d39c2b5d026f98a4c134"
  dependencies:
    accepts "~1.3.7"
    array-flatten "1.1.1"
    body-parser "1.19.0"
    content-disposition "0.5.3"
    content-type "~1.0.4"
    cookie "0.4.0"
    cookie-signature "1.0.6"
    debug "2.6.9"
    depd "~1.1.2"
    encodeurl "~1.0.2"
    escape-html "~1.0.3"
    etag "~1.8.1"
    finalhandler "~1.1.2"
    fresh "0.5.2"
    merge-descriptors "1.0.1"
    methods "~1.1.2"
    on-finished "~2.3.0"
    parseurl "~1.3.3"
    path-to-regexp "0.1.7"
    proxy-addr "~2.0.5"
    qs "6.7.0"
    range-parser "~1.2.1"
    safe-buffer "5.1.2"
    send "0.17.1"
    serve-static "1.14.1"
    setprototypeof "1.1.1"
    statuses "~1.5.0"
    type-is "~1.6.18"
    utils-merge "1.0.1"
    vary "~1.1.2"

fast-glob@^3.1.1:
  version "3.2.2"
  resolved "https://registry.yarnpkg.com/fast-glob/-/fast-glob-3.2.2.tgz#ade1a9d91148965d4bf7c51f72e1ca662d32e63d"
  dependencies:
    "@nodelib/fs.stat" "^2.0.2"
    "@nodelib/fs.walk" "^1.2.3"
    glob-parent "^5.1.0"
    merge2 "^1.3.0"
    micromatch "^4.0.2"
    picomatch "^2.2.1"

fastq@^1.6.0:
  version "1.8.0"
  resolved "https://registry.yarnpkg.com/fastq/-/fastq-1.8.0.tgz#550e1f9f59bbc65fe185cb6a9b4d95357107f481"
  dependencies:
    reusify "^1.0.4"

fill-keys@^1.0.2:
  version "1.0.2"
  resolved "https://registry.yarnpkg.com/fill-keys/-/fill-keys-1.0.2.tgz#9a8fa36f4e8ad634e3bf6b4f3c8882551452eb20"
  dependencies:
    is-object "~1.0.1"
    merge-descriptors "~1.0.0"

fill-range@^7.0.1:
  version "7.0.1"
  resolved "https://registry.yarnpkg.com/fill-range/-/fill-range-7.0.1.tgz#1919a6a7c75fe38b2c7c77e5198535da9acdda40"
  dependencies:
    to-regex-range "^5.0.1"

finalhandler@~1.1.2:
  version "1.1.2"
  resolved "https://registry.yarnpkg.com/finalhandler/-/finalhandler-1.1.2.tgz#b7e7d000ffd11938d0fdb053506f6ebabe9f587d"
  dependencies:
    debug "2.6.9"
    encodeurl "~1.0.2"
    escape-html "~1.0.3"
    on-finished "~2.3.0"
    parseurl "~1.3.3"
    statuses "~1.5.0"
    unpipe "~1.0.0"

find-up@^4.1.0:
  version "4.1.0"
  resolved "https://registry.yarnpkg.com/find-up/-/find-up-4.1.0.tgz#97afe7d6cdc0bc5928584b7c8d7b16e8a9aa5d19"
  dependencies:
    locate-path "^5.0.0"
    path-exists "^4.0.0"

forwarded@~0.1.2:
  version "0.1.2"
  resolved "https://registry.yarnpkg.com/forwarded/-/forwarded-0.1.2.tgz#98c23dab1175657b8c0573e8ceccd91b0ff18c84"

fresh@0.5.2:
  version "0.5.2"
  resolved "https://registry.yarnpkg.com/fresh/-/fresh-0.5.2.tgz#3d8cadd90d976569fa835ab1f8e4b23a105605a7"

fs-extra@^7.0.1:
  version "7.0.1"
  resolved "https://registry.yarnpkg.com/fs-extra/-/fs-extra-7.0.1.tgz#4f189c44aa123b895f722804f55ea23eadc348e9"
  dependencies:
    graceful-fs "^4.1.2"
    jsonfile "^4.0.0"
    universalify "^0.1.0"

fs.realpath@^1.0.0:
  version "1.0.0"
  resolved "https://registry.yarnpkg.com/fs.realpath/-/fs.realpath-1.0.0.tgz#1504ad2523158caa40db4a2787cb01411994ea4f"

fsevents@~2.1.2:
  version "2.1.3"
  resolved "https://registry.yarnpkg.com/fsevents/-/fsevents-2.1.3.tgz#fb738703ae8d2f9fe900c33836ddebee8b97f23e"

glob-parent@^5.1.0, glob-parent@~5.1.0:
  version "5.1.1"
  resolved "https://registry.yarnpkg.com/glob-parent/-/glob-parent-5.1.1.tgz#b6c1ef417c4e5663ea498f1c45afac6916bbc229"
  dependencies:
    is-glob "^4.0.1"

glob@^7.0.5:
  version "7.1.6"
  resolved "https://registry.yarnpkg.com/glob/-/glob-7.1.6.tgz#141f33b81a7c2492e125594307480c46679278a6"
  dependencies:
    fs.realpath "^1.0.0"
    inflight "^1.0.4"
    inherits "2"
    minimatch "^3.0.4"
    once "^1.3.0"
    path-is-absolute "^1.0.0"

graceful-fs@^4.1.11, graceful-fs@^4.1.2, graceful-fs@^4.1.6:
  version "4.2.4"
  resolved "https://registry.yarnpkg.com/graceful-fs/-/graceful-fs-4.2.4.tgz#2256bde14d3632958c465ebc96dc467ca07a29fb"

htmlparser2@^3.9.1:
  version "3.10.1"
  resolved "https://registry.yarnpkg.com/htmlparser2/-/htmlparser2-3.10.1.tgz#bd679dc3f59897b6a34bb10749c855bb53a9392f"
  dependencies:
    domelementtype "^1.3.1"
    domhandler "^2.3.0"
    domutils "^1.5.1"
    entities "^1.1.1"
    inherits "^2.0.1"
    readable-stream "^3.1.1"

http-errors@1.7.2:
  version "1.7.2"
  resolved "https://registry.yarnpkg.com/http-errors/-/http-errors-1.7.2.tgz#4f5029cf13239f31036e5b2e55292bcfbcc85c8f"
  dependencies:
    depd "~1.1.2"
    inherits "2.0.3"
    setprototypeof "1.1.1"
    statuses ">= 1.5.0 < 2"
    toidentifier "1.0.0"

http-errors@1.7.3, http-errors@~1.7.2:
  version "1.7.3"
  resolved "https://registry.yarnpkg.com/http-errors/-/http-errors-1.7.3.tgz#6c619e4f9c60308c38519498c14fbb10aacebb06"
  dependencies:
    depd "~1.1.2"
    inherits "2.0.4"
    setprototypeof "1.1.1"
    statuses ">= 1.5.0 < 2"
    toidentifier "1.0.0"

iconv-lite@0.4.24:
  version "0.4.24"
  resolved "https://registry.yarnpkg.com/iconv-lite/-/iconv-lite-0.4.24.tgz#2022b4b25fbddc21d2f524974a474aafe733908b"
  dependencies:
    safer-buffer ">= 2.1.2 < 3"

inflight@^1.0.4:
  version "1.0.6"
  resolved "https://registry.yarnpkg.com/inflight/-/inflight-1.0.6.tgz#49bd6331d7d02d0c09bc910a1075ba8165b56df9"
  dependencies:
    once "^1.3.0"
    wrappy "1"

inherits@2, inherits@2.0.4, inherits@^2.0.1, inherits@^2.0.3:
  version "2.0.4"
  resolved "https://registry.yarnpkg.com/inherits/-/inherits-2.0.4.tgz#0fa2c64f932917c3433a0ded55363aae37416b7c"

inherits@2.0.3:
  version "2.0.3"
  resolved "https://registry.yarnpkg.com/inherits/-/inherits-2.0.3.tgz#633c2c83e3da42a502f52466022480f4208261de"

ipaddr.js@1.9.1:
  version "1.9.1"
  resolved "https://registry.yarnpkg.com/ipaddr.js/-/ipaddr.js-1.9.1.tgz#bff38543eeb8984825079ff3a2a8e6cbd46781b3"

is-binary-path@~2.1.0:
  version "2.1.0"
  resolved "https://registry.yarnpkg.com/is-binary-path/-/is-binary-path-2.1.0.tgz#ea1f7f3b80f064236e83470f86c09c254fb45b09"
  dependencies:
    binary-extensions "^2.0.0"

is-extglob@^2.1.1:
  version "2.1.1"
  resolved "https://registry.yarnpkg.com/is-extglob/-/is-extglob-2.1.1.tgz#a88c02535791f02ed37c76a1b9ea9773c833f8c2"

is-glob@^4.0.1, is-glob@~4.0.1:
  version "4.0.1"
  resolved "https://registry.yarnpkg.com/is-glob/-/is-glob-4.0.1.tgz#7567dbe9f2f5e2467bc77ab83c4a29482407a5dc"
  dependencies:
    is-extglob "^2.1.1"

is-number@^7.0.0:
  version "7.0.0"
  resolved "https://registry.yarnpkg.com/is-number/-/is-number-7.0.0.tgz#7535345b896734d5f80c4d06c50955527a14f12b"

is-object@~1.0.1:
  version "1.0.1"
  resolved "https://registry.yarnpkg.com/is-object/-/is-object-1.0.1.tgz#8952688c5ec2ffd6b03ecc85e769e02903083470"

isexe@^2.0.0:
  version "2.0.0"
  resolved "https://registry.yarnpkg.com/isexe/-/isexe-2.0.0.tgz#e8fbf374dc556ff8947a10dcb0572d633f2cfa10"

jsonfile@^4.0.0:
  version "4.0.0"
  resolved "https://registry.yarnpkg.com/jsonfile/-/jsonfile-4.0.0.tgz#8771aae0799b64076b76640fca058f9c10e33ecb"
  optionalDependencies:
    graceful-fs "^4.1.6"

klaw-sync@^6.0.0:
  version "6.0.0"
  resolved "https://registry.yarnpkg.com/klaw-sync/-/klaw-sync-6.0.0.tgz#1fd2cfd56ebb6250181114f0a581167099c2b28c"
  dependencies:
    graceful-fs "^4.1.11"

locate-path@^5.0.0:
  version "5.0.0"
  resolved "https://registry.yarnpkg.com/locate-path/-/locate-path-5.0.0.tgz#1afba396afd676a6d42504d0a67a3a7eb9f62aa0"
  dependencies:
    p-locate "^4.1.0"

lodash@^4.15.0:
  version "4.17.21"
  resolved "https://registry.yarnpkg.com/lodash/-/lodash-4.17.21.tgz#679591c564c3bffaae8454cf0b3df370c3d6911c"

magic-string@^0.24.0:
  version "0.24.1"
  resolved "https://registry.yarnpkg.com/magic-string/-/magic-string-0.24.1.tgz#7e38e5f126cae9f15e71f0cf8e450818ca7d5a8f"
  dependencies:
    sourcemap-codec "^1.4.1"

media-typer@0.3.0:
  version "0.3.0"
  resolved "https://registry.yarnpkg.com/media-typer/-/media-typer-0.3.0.tgz#8710d7af0aa626f8fffa1ce00168545263255748"

merge-descriptors@1.0.1, merge-descriptors@~1.0.0:
  version "1.0.1"
  resolved "https://registry.yarnpkg.com/merge-descriptors/-/merge-descriptors-1.0.1.tgz#b00aaa556dd8b44568150ec9d1b953f3f90cbb61"

merge2@^1.3.0:
  version "1.3.0"
  resolved "https://registry.yarnpkg.com/merge2/-/merge2-1.3.0.tgz#5b366ee83b2f1582c48f87e47cf1a9352103ca81"

methods@~1.1.2:
  version "1.1.2"
  resolved "https://registry.yarnpkg.com/methods/-/methods-1.1.2.tgz#5529a4d67654134edcc5266656835b0f851afcee"

micromatch@^4.0.2:
  version "4.0.2"
  resolved "https://registry.yarnpkg.com/micromatch/-/micromatch-4.0.2.tgz#4fcb0999bf9fbc2fcbdd212f6d629b9a56c39259"
  dependencies:
    braces "^3.0.1"
    picomatch "^2.0.5"

mime-db@1.44.0:
  version "1.44.0"
  resolved "https://registry.yarnpkg.com/mime-db/-/mime-db-1.44.0.tgz#fa11c5eb0aca1334b4233cb4d52f10c5a6272f92"

mime-types@^2.1.24, mime-types@~2.1.24:
  version "2.1.27"
  resolved "https://registry.yarnpkg.com/mime-types/-/mime-types-2.1.27.tgz#47949f98e279ea53119f5722e0f34e529bec009f"
  dependencies:
    mime-db "1.44.0"

mime@1.6.0:
  version "1.6.0"
  resolved "https://registry.yarnpkg.com/mime/-/mime-1.6.0.tgz#32cd9e5c64553bd58d19a568af452acff04981b1"

minimatch@^3.0.4:
  version "3.0.4"
  resolved "https://registry.yarnpkg.com/minimatch/-/minimatch-3.0.4.tgz#5166e286457f03306064be5497e8dbb0c3d32083"
  dependencies:
    brace-expansion "^1.1.7"

minimist@^1.2.0:
  version "1.2.5"
  resolved "https://registry.yarnpkg.com/minimist/-/minimist-1.2.5.tgz#67d66014b66a6a8aaa0c083c5fd58df4e4e97602"

minipass@^3.0.0:
  version "3.1.3"
  resolved "https://registry.yarnpkg.com/minipass/-/minipass-3.1.3.tgz#7d42ff1f39635482e15f9cdb53184deebd5815fd"
  dependencies:
    yallist "^4.0.0"

module-not-found-error@^1.0.1:
  version "1.0.1"
  resolved "https://registry.yarnpkg.com/module-not-found-error/-/module-not-found-error-1.0.1.tgz#cf8b4ff4f29640674d6cdd02b0e3bc523c2bbdc0"

ms@2.0.0:
  version "2.0.0"
  resolved "https://registry.yarnpkg.com/ms/-/ms-2.0.0.tgz#5608aeadfc00be6c2901df5f9861788de0d597c8"

ms@2.1.1:
  version "2.1.1"
  resolved "https://registry.yarnpkg.com/ms/-/ms-2.1.1.tgz#30a5864eb3ebb0a66f2ebe6d727af06a09d86e0a"

ms@^2.1.1:
  version "2.1.2"
  resolved "https://registry.yarnpkg.com/ms/-/ms-2.1.2.tgz#d09d1f357b443f493382a8eb3ccd183872ae6009"

negotiator@0.6.2:
  version "0.6.2"
  resolved "https://registry.yarnpkg.com/negotiator/-/negotiator-0.6.2.tgz#feacf7ccf525a77ae9634436a64883ffeca346fb"

nollup@rixo/nollup#sapper:
  version "0.11.1"
  resolved "https://codeload.github.com/rixo/nollup/tar.gz/2b5ae215c935183d0c788296c03e47ca498b2299"
  dependencies:
    "@rollup/pluginutils" "^3.0.8"
    acorn "^7.0.0"
    chokidar "^3.0.0"
    convert-source-map "^1.5.1"
    express "^4.16.3"
    express-history-api-fallback "^2.2.1"
    express-http-proxy "^1.5.1"
    express-ws "^4.0.0"
    magic-string "^0.24.0"
    mime-types "^2.1.24"
    source-map "^0.5.6"

normalize-path@^3.0.0, normalize-path@~3.0.0:
  version "3.0.0"
  resolved "https://registry.yarnpkg.com/normalize-path/-/normalize-path-3.0.0.tgz#0dcd69ff23a1c9b11fd0978316644a0388216a65"

npm-path@^2.0.2, npm-path@^2.0.4:
  version "2.0.4"
  resolved "https://registry.yarnpkg.com/npm-path/-/npm-path-2.0.4.tgz#c641347a5ff9d6a09e4d9bce5580c4f505278e64"
  dependencies:
    which "^1.2.10"

npm-run@^5.0.1:
  version "5.0.1"
  resolved "https://registry.yarnpkg.com/npm-run/-/npm-run-5.0.1.tgz#1baea93389b50ae25a32382c8ca322398e50cd16"
  dependencies:
    minimist "^1.2.0"
    npm-path "^2.0.4"
    npm-which "^3.0.1"
    serializerr "^1.0.3"

npm-which@^3.0.1:
  version "3.0.1"
  resolved "https://registry.yarnpkg.com/npm-which/-/npm-which-3.0.1.tgz#9225f26ec3a285c209cae67c3b11a6b4ab7140aa"
  dependencies:
    commander "^2.9.0"
    npm-path "^2.0.2"
    which "^1.2.10"

nth-check@~1.0.1:
  version "1.0.2"
  resolved "https://registry.yarnpkg.com/nth-check/-/nth-check-1.0.2.tgz#b2bd295c37e3dd58a3bf0700376663ba4d9cf05c"
  dependencies:
    boolbase "~1.0.0"

on-finished@~2.3.0:
  version "2.3.0"
  resolved "https://registry.yarnpkg.com/on-finished/-/on-finished-2.3.0.tgz#20f1336481b083cd75337992a16971aa2d906947"
  dependencies:
    ee-first "1.1.1"

once@^1.3.0:
  version "1.4.0"
  resolved "https://registry.yarnpkg.com/once/-/once-1.4.0.tgz#583b1aa775961d4b113ac17d9c50baef9dd76bd1"
  dependencies:
    wrappy "1"

p-limit@^2.2.0:
  version "2.3.0"
  resolved "https://registry.yarnpkg.com/p-limit/-/p-limit-2.3.0.tgz#3dd33c647a214fdfffd835933eb086da0dc21db1"
  dependencies:
    p-try "^2.0.0"

p-locate@^4.1.0:
  version "4.1.0"
  resolved "https://registry.yarnpkg.com/p-locate/-/p-locate-4.1.0.tgz#a3428bb7088b3a60292f66919278b7c297ad4f07"
  dependencies:
    p-limit "^2.2.0"

p-try@^2.0.0:
  version "2.2.0"
  resolved "https://registry.yarnpkg.com/p-try/-/p-try-2.2.0.tgz#cb2868540e313d61de58fafbe35ce9004d5540e6"

parse5@^3.0.1:
  version "3.0.3"
  resolved "https://registry.yarnpkg.com/parse5/-/parse5-3.0.3.tgz#042f792ffdd36851551cf4e9e066b3874ab45b5c"
  dependencies:
    "@types/node" "*"

parseurl@~1.3.3:
  version "1.3.3"
  resolved "https://registry.yarnpkg.com/parseurl/-/parseurl-1.3.3.tgz#9da19e7bee8d12dff0513ed5b76957793bc2e8d4"

path-exists@^4.0.0:
  version "4.0.0"
  resolved "https://registry.yarnpkg.com/path-exists/-/path-exists-4.0.0.tgz#513bdbe2d3b95d7762e8c1137efa195c6c61b5b3"

path-is-absolute@^1.0.0:
  version "1.0.1"
  resolved "https://registry.yarnpkg.com/path-is-absolute/-/path-is-absolute-1.0.1.tgz#174b9268735534ffbc7ace6bf53a5a9e1b5c5f5f"

path-parse@^1.0.6:
  version "1.0.6"
  resolved "https://registry.yarnpkg.com/path-parse/-/path-parse-1.0.6.tgz#d62dbb5679405d72c4737ec58600e9ddcf06d24c"

path-to-regexp@0.1.7:
  version "0.1.7"
  resolved "https://registry.yarnpkg.com/path-to-regexp/-/path-to-regexp-0.1.7.tgz#df604178005f522f15eb4490e7247a1bfaa67f8c"

picomatch@^2.0.4, picomatch@^2.0.5, picomatch@^2.2.1, picomatch@^2.2.2:
  version "2.2.2"
  resolved "https://registry.yarnpkg.com/picomatch/-/picomatch-2.2.2.tgz#21f333e9b6b8eaff02468f5146ea406d345f4dad"

protochain@^1.0.5:
  version "1.0.5"
  resolved "https://registry.yarnpkg.com/protochain/-/protochain-1.0.5.tgz#991c407e99de264aadf8f81504b5e7faf7bfa260"

proxy-addr@~2.0.5:
  version "2.0.6"
  resolved "https://registry.yarnpkg.com/proxy-addr/-/proxy-addr-2.0.6.tgz#fdc2336505447d3f2f2c638ed272caf614bbb2bf"
  dependencies:
    forwarded "~0.1.2"
    ipaddr.js "1.9.1"

proxyquire@^2.1.3:
  version "2.1.3"
  resolved "https://registry.yarnpkg.com/proxyquire/-/proxyquire-2.1.3.tgz#2049a7eefa10a9a953346a18e54aab2b4268df39"
  dependencies:
    fill-keys "^1.0.2"
    module-not-found-error "^1.0.1"
    resolve "^1.11.1"

punycode@^2.0.0:
  version "2.1.1"
  resolved "https://registry.yarnpkg.com/punycode/-/punycode-2.1.1.tgz#b58b010ac40c22c5657616c8d2c2c02c7bf479ec"

qs@6.7.0:
  version "6.7.0"
  resolved "https://registry.yarnpkg.com/qs/-/qs-6.7.0.tgz#41dc1a015e3d581f1621776be31afb2876a9b1bc"

range-parser@~1.2.1:
  version "1.2.1"
  resolved "https://registry.yarnpkg.com/range-parser/-/range-parser-1.2.1.tgz#3cf37023d199e1c24d1a55b84800c2f3e6468031"

raw-body@2.4.0:
  version "2.4.0"
  resolved "https://registry.yarnpkg.com/raw-body/-/raw-body-2.4.0.tgz#a1ce6fb9c9bc356ca52e89256ab59059e13d0332"
  dependencies:
    bytes "3.1.0"
    http-errors "1.7.2"
    iconv-lite "0.4.24"
    unpipe "1.0.0"

raw-body@^2.3.0:
  version "2.4.1"
  resolved "https://registry.yarnpkg.com/raw-body/-/raw-body-2.4.1.tgz#30ac82f98bb5ae8c152e67149dac8d55153b168c"
  dependencies:
    bytes "3.1.0"
    http-errors "1.7.3"
    iconv-lite "0.4.24"
    unpipe "1.0.0"

readable-stream@^3.1.1:
  version "3.6.0"
  resolved "https://registry.yarnpkg.com/readable-stream/-/readable-stream-3.6.0.tgz#337bbda3adc0706bd3e024426a286d4b4b2c9198"
  dependencies:
    inherits "^2.0.3"
    string_decoder "^1.1.1"
    util-deprecate "^1.0.1"

readdirp@~3.4.0:
  version "3.4.0"
  resolved "https://registry.yarnpkg.com/readdirp/-/readdirp-3.4.0.tgz#9fdccdf9e9155805449221ac645e8303ab5b9ada"
  dependencies:
    picomatch "^2.2.1"

require-relative@^0.8.7:
  version "0.8.7"
  resolved "https://registry.yarnpkg.com/require-relative/-/require-relative-0.8.7.tgz#7999539fc9e047a37928fa196f8e1563dabd36de"

resolve@^1.11.1:
  version "1.17.0"
  resolved "https://registry.yarnpkg.com/resolve/-/resolve-1.17.0.tgz#b25941b54968231cc2d1bb76a79cb7f2c0bf8444"
  dependencies:
    path-parse "^1.0.6"

reusify@^1.0.4:
  version "1.0.4"
  resolved "https://registry.yarnpkg.com/reusify/-/reusify-1.0.4.tgz#90da382b1e126efc02146e90845a88db12925d76"

rollup-plugin-static-files@^0.0.1:
  version "0.0.1"
  resolved "https://registry.yarnpkg.com/rollup-plugin-static-files/-/rollup-plugin-static-files-0.0.1.tgz#83a060759aa397ba600ebbcffe8f36ebb8ba89a5"
  dependencies:
    cheerio "^1.0.0-rc.2"
    fs-extra "^7.0.1"
    klaw-sync "^6.0.0"

rollup@^2.10.0:
  version "2.10.0"
  resolved "https://registry.yarnpkg.com/rollup/-/rollup-2.10.0.tgz#73332273fa177cd85c1042659dee6f103761be0d"
  optionalDependencies:
    fsevents "~2.1.2"

run-parallel@^1.1.9:
  version "1.1.9"
  resolved "https://registry.yarnpkg.com/run-parallel/-/run-parallel-1.1.9.tgz#c9dd3a7cf9f4b2c4b6244e173a6ed866e61dd679"

safe-buffer@5.1.2, safe-buffer@~5.1.1:
  version "5.1.2"
  resolved "https://registry.yarnpkg.com/safe-buffer/-/safe-buffer-5.1.2.tgz#991ec69d296e0313747d59bdfd2b745c35f8828d"

safe-buffer@~5.2.0:
  version "5.2.1"
  resolved "https://registry.yarnpkg.com/safe-buffer/-/safe-buffer-5.2.1.tgz#1eaf9fa9bdb1fdd4ec75f58f9cdb4e6b7827eec6"

"safer-buffer@>= 2.1.2 < 3":
  version "2.1.2"
  resolved "https://registry.yarnpkg.com/safer-buffer/-/safer-buffer-2.1.2.tgz#44fa161b0187b9549dd84bb91802f9bd8385cd6a"

send@0.17.1:
  version "0.17.1"
  resolved "https://registry.yarnpkg.com/send/-/send-0.17.1.tgz#c1d8b059f7900f7466dd4938bdc44e11ddb376c8"
  dependencies:
    debug "2.6.9"
    depd "~1.1.2"
    destroy "~1.0.4"
    encodeurl "~1.0.2"
    escape-html "~1.0.3"
    etag "~1.8.1"
    fresh "0.5.2"
    http-errors "~1.7.2"
    mime "1.6.0"
    ms "2.1.1"
    on-finished "~2.3.0"
    range-parser "~1.2.1"
    statuses "~1.5.0"

serializerr@^1.0.3:
  version "1.0.3"
  resolved "https://registry.yarnpkg.com/serializerr/-/serializerr-1.0.3.tgz#12d4c5aa1c3ffb8f6d1dc5f395aa9455569c3f91"
  dependencies:
    protochain "^1.0.5"

serve-static@1.14.1:
  version "1.14.1"
  resolved "https://registry.yarnpkg.com/serve-static/-/serve-static-1.14.1.tgz#666e636dc4f010f7ef29970a88a674320898b2f9"
  dependencies:
    encodeurl "~1.0.2"
    escape-html "~1.0.3"
    parseurl "~1.3.3"
    send "0.17.1"

setprototypeof@1.1.1:
  version "1.1.1"
  resolved "https://registry.yarnpkg.com/setprototypeof/-/setprototypeof-1.1.1.tgz#7e95acb24aa92f5885e0abef5ba131330d4ae683"

source-map-support@^0.5.16:
  version "0.5.19"
  resolved "https://registry.yarnpkg.com/source-map-support/-/source-map-support-0.5.19.tgz#a98b62f86dcaf4f67399648c085291ab9e8fed61"
  dependencies:
    buffer-from "^1.0.0"
    source-map "^0.6.0"

source-map@^0.5.6:
  version "0.5.7"
  resolved "https://registry.yarnpkg.com/source-map/-/source-map-0.5.7.tgz#8a039d2d1021d22d1ea14c80d8ea468ba2ef3fcc"

source-map@^0.6.0:
  version "0.6.1"
  resolved "https://registry.yarnpkg.com/source-map/-/source-map-0.6.1.tgz#74722af32e9614e9c287a8d0bbde48b5e2f1a263"

sourcemap-codec@^1.4.1:
  version "1.4.8"
  resolved "https://registry.yarnpkg.com/sourcemap-codec/-/sourcemap-codec-1.4.8.tgz#ea804bd94857402e6992d05a38ef1ae35a9ab4c4"

"statuses@>= 1.5.0 < 2", statuses@~1.5.0:
  version "1.5.0"
  resolved "https://registry.yarnpkg.com/statuses/-/statuses-1.5.0.tgz#161c7dac177659fd9811f43771fa99381478628c"

string_decoder@^1.1.1:
  version "1.3.0"
  resolved "https://registry.yarnpkg.com/string_decoder/-/string_decoder-1.3.0.tgz#42f114594a46cf1a8e30b0a84f56c78c3edac21e"
  dependencies:
    safe-buffer "~5.2.0"

strip-ansi@^3.0.1:
  version "3.0.1"
  resolved "https://registry.yarnpkg.com/strip-ansi/-/strip-ansi-3.0.1.tgz#6a385fb8853d952d5ff05d0e8aaf94278dc63dcf"
  dependencies:
    ansi-regex "^2.0.0"

tap-mocha-reporter@^5.0.1:
  version "5.0.1"
  resolved "https://registry.yarnpkg.com/tap-mocha-reporter/-/tap-mocha-reporter-5.0.1.tgz#74f00be2ddd2a380adad45e085795137bc39497a"
  dependencies:
    color-support "^1.1.0"
    debug "^4.1.1"
    diff "^4.0.1"
    escape-string-regexp "^2.0.0"
    glob "^7.0.5"
    tap-parser "^10.0.0"
    tap-yaml "^1.0.0"
    unicode-length "^2.0.2"

tap-parser@^10.0.0:
  version "10.0.1"
  resolved "https://registry.yarnpkg.com/tap-parser/-/tap-parser-10.0.1.tgz#b63c2500eeef2be8fbf09d512914196d1f12ebec"
  dependencies:
    events-to-array "^1.0.1"
    minipass "^3.0.0"
    tap-yaml "^1.0.0"

tap-yaml@^1.0.0:
  version "1.0.0"
  resolved "https://registry.yarnpkg.com/tap-yaml/-/tap-yaml-1.0.0.tgz#4e31443a5489e05ca8bbb3e36cef71b5dec69635"
  dependencies:
    yaml "^1.5.0"

to-regex-range@^5.0.1:
  version "5.0.1"
  resolved "https://registry.yarnpkg.com/to-regex-range/-/to-regex-range-5.0.1.tgz#1648c44aae7c8d988a326018ed72f5b4dd0392e4"
  dependencies:
    is-number "^7.0.0"

toidentifier@1.0.0:
  version "1.0.0"
  resolved "https://registry.yarnpkg.com/toidentifier/-/toidentifier-1.0.0.tgz#7e1be3470f1e77948bc43d94a3c8f4d7752ba553"

type-is@~1.6.17, type-is@~1.6.18:
  version "1.6.18"
  resolved "https://registry.yarnpkg.com/type-is/-/type-is-1.6.18.tgz#4e552cd05df09467dcbc4ef739de89f2cf37c131"
  dependencies:
    media-typer "0.3.0"
    mime-types "~2.1.24"

unicode-length@^2.0.2:
  version "2.0.2"
  resolved "https://registry.yarnpkg.com/unicode-length/-/unicode-length-2.0.2.tgz#e5eb4c0d523fdf7bebb59ca261c9ca1cf732da96"
  dependencies:
    punycode "^2.0.0"
    strip-ansi "^3.0.1"

universalify@^0.1.0:
  version "0.1.2"
  resolved "https://registry.yarnpkg.com/universalify/-/universalify-0.1.2.tgz#b646f69be3942dabcecc9d6639c80dc105efaa66"

unpipe@1.0.0, unpipe@~1.0.0:
  version "1.0.0"
  resolved "https://registry.yarnpkg.com/unpipe/-/unpipe-1.0.0.tgz#b2bf4ee8514aae6165b4817829d21b2ef49904ec"

util-deprecate@^1.0.1:
  version "1.0.2"
  resolved "https://registry.yarnpkg.com/util-deprecate/-/util-deprecate-1.0.2.tgz#450d4dc9fa70de732762fbd2d4a28981419a0ccf"

utils-merge@1.0.1:
  version "1.0.1"
  resolved "https://registry.yarnpkg.com/utils-merge/-/utils-merge-1.0.1.tgz#9f95710f50a267947b2ccc124741c1028427e713"

vary@~1.1.2:
  version "1.1.2"
  resolved "https://registry.yarnpkg.com/vary/-/vary-1.1.2.tgz#2299f02c6ded30d4a5961b0b9f74524a18f634fc"

which@^1.2.10:
  version "1.3.1"
  resolved "https://registry.yarnpkg.com/which/-/which-1.3.1.tgz#a45043d54f5805316da8d62f9f50918d3da70b0a"
  dependencies:
    isexe "^2.0.0"

wrappy@1:
  version "1.0.2"
  resolved "https://registry.yarnpkg.com/wrappy/-/wrappy-1.0.2.tgz#b5243d8f3ec1aa35f1364605bc0d1036e30ab69f"

ws@^5.2.0:
  version "5.2.2"
  resolved "https://registry.yarnpkg.com/ws/-/ws-5.2.2.tgz#dffef14866b8e8dc9133582514d1befaf96e980f"
  dependencies:
    async-limiter "~1.0.0"

yallist@^4.0.0:
  version "4.0.0"
  resolved "https://registry.yarnpkg.com/yallist/-/yallist-4.0.0.tgz#9bb92790d9c0effec63be73519e11a35019a3a72"

yaml@^1.5.0:
  version "1.10.0"
  resolved "https://registry.yarnpkg.com/yaml/-/yaml-1.10.0.tgz#3b593add944876077d4d683fee01081bd9fff31e"

zoar@^0.0.4:
  version "0.0.4"
  resolved "https://registry.yarnpkg.com/zoar/-/zoar-0.0.4.tgz#082e877dc50e6984d6b8a763ba66ad8c6f6f94cc"
  dependencies:
    arg "^4.1.2"
    cheap-watch "^1.0.2"
    commander "^4.1.0"
    debug "^4.1.1"
    esm "^3.2.25"
    fast-glob "^3.1.1"
    find-up "^4.1.0"
    npm-run "^5.0.1"
    picomatch "^2.2.1"
    require-relative "^0.8.7"
    source-map-support "^0.5.16"
    zora-node-reporter rixo/zora-reporters#zora-node-reporter-v0.0.1-rixo.3-gitpkg
    zora-tap-reporter "^2.0.0"

zora-node-reporter@rixo/zora-reporters#zora-node-reporter-v0.0.1-rixo.3-gitpkg:
  version "0.0.1-rixo.3"
  resolved "https://codeload.github.com/rixo/zora-reporters/tar.gz/002538be1e3fc28bc4bdca8e1bed15b20c8bd2e6"

zora-tap-reporter@^2.0.0:
  version "2.0.0"
  resolved "https://registry.yarnpkg.com/zora-tap-reporter/-/zora-tap-reporter-2.0.0.tgz#eeba3fea0bcb2fea2a6afe6cb04fa0fcb3095f63"

zora@^3.0.0, zora@^3.1.8:
  version "3.1.8"
  resolved "https://registry.yarnpkg.com/zora/-/zora-3.1.8.tgz#84cf75a057005931058db43366cad8c75a21f04c"

zorax@^0.0.8:
  version "0.0.8"
  resolved "https://registry.yarnpkg.com/zorax/-/zorax-0.0.8.tgz#ad952f2377dde8f34fb01d8e80660c37f018d2ef"
  dependencies:
    "@zorax/plug" "^0.0.1"
    zora "^3.0.0"
